// !$*UTF8*$!
{
	archiveVersion = 1;
	classes = {
	};
	objectVersion = 46;
	objects = {

/* Begin PBXBuildFile section */
		AAAA22E21CDA565200656FA2 /* main.m in Sources */ = {isa = PBXBuildFile; fileRef = AAAA22E11CDA565200656FA2 /* main.m */; };
		AAAA22E51CDA565200656FA2 /* AppDelegate.m in Sources */ = {isa = PBXBuildFile; fileRef = AAAA22E41CDA565200656FA2 /* AppDelegate.m */; };
		AAAA22EB1CDA565200656FA2 /* Main.storyboard in Resources */ = {isa = PBXBuildFile; fileRef = AAAA22E91CDA565200656FA2 /* Main.storyboard */; };
		AAAA22ED1CDA565200656FA2 /* Assets.xcassets in Resources */ = {isa = PBXBuildFile; fileRef = AAAA22EC1CDA565200656FA2 /* Assets.xcassets */; };
		AAAA22F01CDA565200656FA2 /* LaunchScreen.storyboard in Resources */ = {isa = PBXBuildFile; fileRef = AAAA22EE1CDA565200656FA2 /* LaunchScreen.storyboard */; };
		AAAA22FA1CDA577000656FA2 /* UserTableViewController.m in Sources */ = {isa = PBXBuildFile; fileRef = AAAA22F91CDA577000656FA2 /* UserTableViewController.m */; };
		AAAA22FF1CDA57D100656FA2 /* UserTableViewCell.m in Sources */ = {isa = PBXBuildFile; fileRef = AAAA22FE1CDA57D100656FA2 /* UserTableViewCell.m */; };
		AAAA23031CDA59AB00656FA2 /* User.m in Sources */ = {isa = PBXBuildFile; fileRef = AAAA23021CDA59AB00656FA2 /* User.m */; };
		AAAA23061CDBD01F00656FA2 /* Adress.m in Sources */ = {isa = PBXBuildFile; fileRef = AAAA23051CDBD01F00656FA2 /* Adress.m */; };
		AAAA23091CDBD08100656FA2 /* Geo.m in Sources */ = {isa = PBXBuildFile; fileRef = AAAA23081CDBD08100656FA2 /* Geo.m */; };
		AAAA230C1CDBD0EB00656FA2 /* Company.m in Sources */ = {isa = PBXBuildFile; fileRef = AAAA230B1CDBD0EB00656FA2 /* Company.m */; };
		AAAA230F1CDBDD8700656FA2 /* DetailViewController.m in Sources */ = {isa = PBXBuildFile; fileRef = AAAA230E1CDBDD8700656FA2 /* DetailViewController.m */; };
/* End PBXBuildFile section */

/* Begin PBXFileReference section */
		AAAA22DD1CDA565200656FA2 /* JsonApi.app */ = {isa = PBXFileReference; explicitFileType = wrapper.application; includeInIndex = 0; path = JsonApi.app; sourceTree = BUILT_PRODUCTS_DIR; };
		AAAA22E11CDA565200656FA2 /* main.m */ = {isa = PBXFileReference; lastKnownFileType = sourcecode.c.objc; path = main.m; sourceTree = "<group>"; };
		AAAA22E31CDA565200656FA2 /* AppDelegate.h */ = {isa = PBXFileReference; lastKnownFileType = sourcecode.c.h; path = AppDelegate.h; sourceTree = "<group>"; };
		AAAA22E41CDA565200656FA2 /* AppDelegate.m */ = {isa = PBXFileReference; lastKnownFileType = sourcecode.c.objc; path = AppDelegate.m; sourceTree = "<group>"; };
		AAAA22EA1CDA565200656FA2 /* Base */ = {isa = PBXFileReference; lastKnownFileType = file.storyboard; name = Base; path = Base.lproj/Main.storyboard; sourceTree = "<group>"; };
		AAAA22EC1CDA565200656FA2 /* Assets.xcassets */ = {isa = PBXFileReference; lastKnownFileType = folder.assetcatalog; path = Assets.xcassets; sourceTree = "<group>"; };
		AAAA22EF1CDA565200656FA2 /* Base */ = {isa = PBXFileReference; lastKnownFileType = file.storyboard; name = Base; path = Base.lproj/LaunchScreen.storyboard; sourceTree = "<group>"; };
		AAAA22F11CDA565200656FA2 /* Info.plist */ = {isa = PBXFileReference; lastKnownFileType = text.plist.xml; path = Info.plist; sourceTree = "<group>"; };
		AAAA22F81CDA577000656FA2 /* UserTableViewController.h */ = {isa = PBXFileReference; fileEncoding = 4; lastKnownFileType = sourcecode.c.h; path = UserTableViewController.h; sourceTree = "<group>"; };
		AAAA22F91CDA577000656FA2 /* UserTableViewController.m */ = {isa = PBXFileReference; fileEncoding = 4; lastKnownFileType = sourcecode.c.objc; path = UserTableViewController.m; sourceTree = "<group>"; };
		AAAA22FD1CDA57D100656FA2 /* UserTableViewCell.h */ = {isa = PBXFileReference; fileEncoding = 4; lastKnownFileType = sourcecode.c.h; path = UserTableViewCell.h; sourceTree = "<group>"; };
		AAAA22FE1CDA57D100656FA2 /* UserTableViewCell.m */ = {isa = PBXFileReference; fileEncoding = 4; lastKnownFileType = sourcecode.c.objc; path = UserTableViewCell.m; sourceTree = "<group>"; };
		AAAA23011CDA59AB00656FA2 /* User.h */ = {isa = PBXFileReference; fileEncoding = 4; lastKnownFileType = sourcecode.c.h; path = User.h; sourceTree = "<group>"; };
		AAAA23021CDA59AB00656FA2 /* User.m */ = {isa = PBXFileReference; fileEncoding = 4; lastKnownFileType = sourcecode.c.objc; path = User.m; sourceTree = "<group>"; };
		AAAA23041CDBD01F00656FA2 /* Adress.h */ = {isa = PBXFileReference; fileEncoding = 4; lastKnownFileType = sourcecode.c.h; path = Adress.h; sourceTree = "<group>"; };
		AAAA23051CDBD01F00656FA2 /* Adress.m */ = {isa = PBXFileReference; fileEncoding = 4; lastKnownFileType = sourcecode.c.objc; path = Adress.m; sourceTree = "<group>"; };
		AAAA23071CDBD08100656FA2 /* Geo.h */ = {isa = PBXFileReference; fileEncoding = 4; lastKnownFileType = sourcecode.c.h; path = Geo.h; sourceTree = "<group>"; };
		AAAA23081CDBD08100656FA2 /* Geo.m */ = {isa = PBXFileReference; fileEncoding = 4; lastKnownFileType = sourcecode.c.objc; path = Geo.m; sourceTree = "<group>"; };
		AAAA230A1CDBD0EB00656FA2 /* Company.h */ = {isa = PBXFileReference; fileEncoding = 4; lastKnownFileType = sourcecode.c.h; path = Company.h; sourceTree = "<group>"; };
		AAAA230B1CDBD0EB00656FA2 /* Company.m */ = {isa = PBXFileReference; fileEncoding = 4; lastKnownFileType = sourcecode.c.objc; path = Company.m; sourceTree = "<group>"; };
		AAAA230D1CDBDD8700656FA2 /* DetailViewController.h */ = {isa = PBXFileReference; fileEncoding = 4; lastKnownFileType = sourcecode.c.h; path = DetailViewController.h; sourceTree = "<group>"; };
		AAAA230E1CDBDD8700656FA2 /* DetailViewController.m */ = {isa = PBXFileReference; fileEncoding = 4; lastKnownFileType = sourcecode.c.objc; path = DetailViewController.m; sourceTree = "<group>"; };
/* End PBXFileReference section */

/* Begin PBXFrameworksBuildPhase section */
		AAAA22DA1CDA565200656FA2 /* Frameworks */ = {
			isa = PBXFrameworksBuildPhase;
			buildActionMask = 2147483647;
			files = (
			);
			runOnlyForDeploymentPostprocessing = 0;
		};
/* End PBXFrameworksBuildPhase section */

/* Begin PBXGroup section */
		AAAA22D41CDA565200656FA2 = {
			isa = PBXGroup;
			children = (
				AAAA22DF1CDA565200656FA2 /* JsonApi */,
				AAAA22DE1CDA565200656FA2 /* Products */,
			);
			sourceTree = "<group>";
		};
		AAAA22DE1CDA565200656FA2 /* Products */ = {
			isa = PBXGroup;
			children = (
				AAAA22DD1CDA565200656FA2 /* JsonApi.app */,
			);
			name = Products;
			sourceTree = "<group>";
		};
		AAAA22DF1CDA565200656FA2 /* JsonApi */ = {
			isa = PBXGroup;
			children = (
				AAAA23001CDA597D00656FA2 /* Model */,
				AAAA22FC1CDA57A000656FA2 /* Cell */,
				AAAA22F71CDA574300656FA2 /* View Controllers */,
				AAAA22E31CDA565200656FA2 /* AppDelegate.h */,
				AAAA22E41CDA565200656FA2 /* AppDelegate.m */,
				AAAA22E91CDA565200656FA2 /* Main.storyboard */,
				AAAA22EC1CDA565200656FA2 /* Assets.xcassets */,
				AAAA22EE1CDA565200656FA2 /* LaunchScreen.storyboard */,
				AAAA22F11CDA565200656FA2 /* Info.plist */,
				AAAA22E01CDA565200656FA2 /* Supporting Files */,
			);
			path = JsonApi;
			sourceTree = "<group>";
		};
		AAAA22E01CDA565200656FA2 /* Supporting Files */ = {
			isa = PBXGroup;
			children = (
				AAAA22E11CDA565200656FA2 /* main.m */,
			);
			name = "Supporting Files";
			sourceTree = "<group>";
		};
		AAAA22F71CDA574300656FA2 /* View Controllers */ = {
			isa = PBXGroup;
			children = (
				AAAA22F81CDA577000656FA2 /* UserTableViewController.h */,
				AAAA22F91CDA577000656FA2 /* UserTableViewController.m */,
				AAAA230D1CDBDD8700656FA2 /* DetailViewController.h */,
				AAAA230E1CDBDD8700656FA2 /* DetailViewController.m */,
			);
			name = "View Controllers";
			sourceTree = "<group>";
		};
		AAAA22FC1CDA57A000656FA2 /* Cell */ = {
			isa = PBXGroup;
			children = (
				AAAA22FD1CDA57D100656FA2 /* UserTableViewCell.h */,
				AAAA22FE1CDA57D100656FA2 /* UserTableViewCell.m */,
			);
			name = Cell;
			sourceTree = "<group>";
		};
		AAAA23001CDA597D00656FA2 /* Model */ = {
			isa = PBXGroup;
			children = (
				AAAA23011CDA59AB00656FA2 /* User.h */,
				AAAA23021CDA59AB00656FA2 /* User.m */,
				AAAA23041CDBD01F00656FA2 /* Adress.h */,
				AAAA23051CDBD01F00656FA2 /* Adress.m */,
				AAAA23071CDBD08100656FA2 /* Geo.h */,
				AAAA23081CDBD08100656FA2 /* Geo.m */,
				AAAA230A1CDBD0EB00656FA2 /* Company.h */,
				AAAA230B1CDBD0EB00656FA2 /* Company.m */,
			);
			name = Model;
			sourceTree = "<group>";
		};
/* End PBXGroup section */

/* Begin PBXNativeTarget section */
		AAAA22DC1CDA565200656FA2 /* JsonApi */ = {
			isa = PBXNativeTarget;
			buildConfigurationList = AAAA22F41CDA565200656FA2 /* Build configuration list for PBXNativeTarget "JsonApi" */;
			buildPhases = (
				AAAA22D91CDA565200656FA2 /* Sources */,
				AAAA22DA1CDA565200656FA2 /* Frameworks */,
				AAAA22DB1CDA565200656FA2 /* Resources */,
			);
			buildRules = (
			);
			dependencies = (
			);
			name = JsonApi;
			productName = JsonApi;
			productReference = AAAA22DD1CDA565200656FA2 /* JsonApi.app */;
			productType = "com.apple.product-type.application";
		};
/* End PBXNativeTarget section */

/* Begin PBXProject section */
		AAAA22D51CDA565200656FA2 /* Project object */ = {
			isa = PBXProject;
			attributes = {
				LastUpgradeCheck = 0720;
				ORGANIZATIONNAME = Training;
				TargetAttributes = {
					AAAA22DC1CDA565200656FA2 = {
						CreatedOnToolsVersion = 7.2;
					};
				};
			};
			buildConfigurationList = AAAA22D81CDA565200656FA2 /* Build configuration list for PBXProject "JsonApi" */;
			compatibilityVersion = "Xcode 3.2";
			developmentRegion = English;
			hasScannedForEncodings = 0;
			knownRegions = (
				en,
				Base,
			);
			mainGroup = AAAA22D41CDA565200656FA2;
			productRefGroup = AAAA22DE1CDA565200656FA2 /* Products */;
			projectDirPath = "";
			projectRoot = "";
			targets = (
				AAAA22DC1CDA565200656FA2 /* JsonApi */,
			);
		};
/* End PBXProject section */

/* Begin PBXResourcesBuildPhase section */
		AAAA22DB1CDA565200656FA2 /* Resources */ = {
			isa = PBXResourcesBuildPhase;
			buildActionMask = 2147483647;
			files = (
				AAAA22F01CDA565200656FA2 /* LaunchScreen.storyboard in Resources */,
				AAAA22ED1CDA565200656FA2 /* Assets.xcassets in Resources */,
				AAAA22EB1CDA565200656FA2 /* Main.storyboard in Resources */,
			);
			runOnlyForDeploymentPostprocessing = 0;
		};
/* End PBXResourcesBuildPhase section */

/* Begin PBXSourcesBuildPhase section */
		AAAA22D91CDA565200656FA2 /* Sources */ = {
			isa = PBXSourcesBuildPhase;
			buildActionMask = 2147483647;
			files = (
				AAAA23031CDA59AB00656FA2 /* User.m in Sources */,
				AAAA22FF1CDA57D100656FA2 /* UserTableViewCell.m in Sources */,
				AAAA230F1CDBDD8700656FA2 /* DetailViewController.m in Sources */,
				AAAA22FA1CDA577000656FA2 /* UserTableViewController.m in Sources */,
				AAAA230C1CDBD0EB00656FA2 /* Company.m in Sources */,
				AAAA22E51CDA565200656FA2 /* AppDelegate.m in Sources */,
				AAAA22E21CDA565200656FA2 /* main.m in Sources */,
				AAAA23061CDBD01F00656FA2 /* Adress.m in Sources */,
				AAAA23091CDBD08100656FA2 /* Geo.m in Sources */,
			);
			runOnlyForDeploymentPostprocessing = 0;
		};
/* End PBXSourcesBuildPhase section */

/* Begin PBXVariantGroup section */
		AAAA22E91CDA565200656FA2 /* Main.storyboard */ = {
			isa = PBXVariantGroup;
			children = (
				AAAA22EA1CDA565200656FA2 /* Base */,
			);
			name = Main.storyboard;
			sourceTree = "<group>";
		};
		AAAA22EE1CDA565200656FA2 /* LaunchScreen.storyboard */ = {
			isa = PBXVariantGroup;
			children = (
				AAAA22EF1CDA565200656FA2 /* Base */,
			);
			name = LaunchScreen.storyboard;
			sourceTree = "<group>";
		};
/* End PBXVariantGroup section */

/* Begin XCBuildConfiguration section */
		AAAA22F21CDA565200656FA2 /* Debug */ = {
			isa = XCBuildConfiguration;
			buildSettings = {
				ALWAYS_SEARCH_USER_PATHS = NO;
				CLANG_CXX_LANGUAGE_STANDARD = "gnu++0x";
				CLANG_CXX_LIBRARY = "libc++";
				CLANG_ENABLE_MODULES = YES;
				CLANG_ENABLE_OBJC_ARC = YES;
				CLANG_WARN_BOOL_CONVERSION = YES;
				CLANG_WARN_CONSTANT_CONVERSION = YES;
				CLANG_WARN_DIRECT_OBJC_ISA_USAGE = YES_ERROR;
				CLANG_WARN_EMPTY_BODY = YES;
				CLANG_WARN_ENUM_CONVERSION = YES;
				CLANG_WARN_INT_CONVERSION = YES;
				CLANG_WARN_OBJC_ROOT_CLASS = YES_ERROR;
				CLANG_WARN_UNREACHABLE_CODE = YES;
				CLANG_WARN__DUPLICATE_METHOD_MATCH = YES;
				"CODE_SIGN_IDENTITY[sdk=iphoneos*]" = "iPhone Developer";
				COPY_PHASE_STRIP = NO;
				DEBUG_INFORMATION_FORMAT = dwarf;
				ENABLE_STRICT_OBJC_MSGSEND = YES;
				ENABLE_TESTABILITY = YES;
				GCC_C_LANGUAGE_STANDARD = gnu99;
				GCC_DYNAMIC_NO_PIC = NO;
				GCC_NO_COMMON_BLOCKS = YES;
				GCC_OPTIMIZATION_LEVEL = 0;
				GCC_PREPROCESSOR_DEFINITIONS = (
					"DEBUG=1",
					"$(inherited)",
				);
				GCC_WARN_64_TO_32_BIT_CONVERSION = YES;
				GCC_WARN_ABOUT_RETURN_TYPE = YES_ERROR;
				GCC_WARN_UNDECLARED_SELECTOR = YES;
				GCC_WARN_UNINITIALIZED_AUTOS = YES_AGGRESSIVE;
				GCC_WARN_UNUSED_FUNCTION = YES;
				GCC_WARN_UNUSED_VARIABLE = YES;
				IPHONEOS_DEPLOYMENT_TARGET = 9.2;
				MTL_ENABLE_DEBUG_INFO = YES;
				ONLY_ACTIVE_ARCH = YES;
				SDKROOT = iphoneos;
				TARGETED_DEVICE_FAMILY = "1,2";
			};
			name = Debug;
		};
		AAAA22F31CDA565200656FA2 /* Release */ = {
			isa = XCBuildConfiguration;
			buildSettings = {
				ALWAYS_SEARCH_USER_PATHS = NO;
				CLANG_CXX_LANGUAGE_STANDARD = "gnu++0x";
				CLANG_CXX_LIBRARY = "libc++";
				CLANG_ENABLE_MODULES = YES;
				CLANG_ENABLE_OBJC_ARC = YES;
				CLANG_WARN_BOOL_CONVERSION = YES;
				CLANG_WARN_CONSTANT_CONVERSION = YES;
				CLANG_WARN_DIRECT_OBJC_ISA_USAGE = YES_ERROR;
				CLANG_WARN_EMPTY_BODY = YES;
				CLANG_WARN_ENUM_CONVERSION = YES;
				CLANG_WARN_INT_CONVERSION = YES;
				CLANG_WARN_OBJC_ROOT_CLASS = YES_ERROR;
				CLANG_WARN_UNREACHABLE_CODE = YES;
				CLANG_WARN__DUPLICATE_METHOD_MATCH = YES;
				"CODE_SIGN_IDENTITY[sdk=iphoneos*]" = "iPhone Developer";
				COPY_PHASE_STRIP = NO;
				DEBUG_INFORMATION_FORMAT = "dwarf-with-dsym";
				ENABLE_NS_ASSERTIONS = NO;
				ENABLE_STRICT_OBJC_MSGSEND = YES;
				GCC_C_LANGUAGE_STANDARD = gnu99;
				GCC_NO_COMMON_BLOCKS = YES;
				GCC_WARN_64_TO_32_BIT_CONVERSION = YES;
				GCC_WARN_ABOUT_RETURN_TYPE = YES_ERROR;
				GCC_WARN_UNDECLARED_SELECTOR = YES;
				GCC_WARN_UNINITIALIZED_AUTOS = YES_AGGRESSIVE;
				GCC_WARN_UNUSED_FUNCTION = YES;
				GCC_WARN_UNUSED_VARIABLE = YES;
				IPHONEOS_DEPLOYMENT_TARGET = 9.2;
				MTL_ENABLE_DEBUG_INFO = NO;
				SDKROOT = iphoneos;
				TARGETED_DEVICE_FAMILY = "1,2";
				VALIDATE_PRODUCT = YES;
			};
			name = Release;
		};
		AAAA22F51CDA565200656FA2 /* Debug */ = {
			isa = XCBuildConfiguration;
			buildSettings = {
				ASSETCATALOG_COMPILER_APPICON_NAME = AppIcon;
				INFOPLIST_FILE = JsonApi/Info.plist;
				LD_RUNPATH_SEARCH_PATHS = "$(inherited) @executable_path/Frameworks";
				PRODUCT_BUNDLE_IDENTIFIER = com.training.JsonApi;
				PRODUCT_NAME = "$(TARGET_NAME)";
			};
			name = Debug;
		};
		AAAA22F61CDA565200656FA2 /* Release */ = {
			isa = XCBuildConfiguration;
			buildSettings = {
				ASSETCATALOG_COMPILER_APPICON_NAME = AppIcon;
				INFOPLIST_FILE = JsonApi/Info.plist;
				LD_RUNPATH_SEARCH_PATHS = "$(inherited) @executable_path/Frameworks";
				PRODUCT_BUNDLE_IDENTIFIER = com.training.JsonApi;
				PRODUCT_NAME = "$(TARGET_NAME)";
			};
			name = Release;
		};
/* End XCBuildConfiguration section */

/* Begin XCConfigurationList section */
		AAAA22D81CDA565200656FA2 /* Build configuration list for PBXProject "JsonApi" */ = {
			isa = XCConfigurationList;
			buildConfigurations = (
				AAAA22F21CDA565200656FA2 /* Debug */,
				AAAA22F31CDA565200656FA2 /* Release */,
			);
			defaultConfigurationIsVisible = 0;
			defaultConfigurationName = Release;
		};
		AAAA22F41CDA565200656FA2 /* Build configuration list for PBXNativeTarget "JsonApi" */ = {
			isa = XCConfigurationList;
			buildConfigurations = (
				AAAA22F51CDA565200656FA2 /* Debug */,
				AAAA22F61CDA565200656FA2 /* Release */,
			);
			defaultConfigurationIsVisible = 0;
			defaultConfigurationName = Release;
		};
/* End XCConfigurationList section */
	};
	rootObject = AAAA22D51CDA565200656FA2 /* Project object */;
}
